{
  "registry": "blamechris/skill-templates",
  "skills": {
    "agent-review": {
      "hash": "5c35725",
      "installed": "2026-08-01",
      "targets": [
        "claude"
      ]
    },
    "bug-hunt": {
      "hash": "a0b98e6",
      "installed": "2026-08-21",
      "targets": [
        "claude"
      ]
    },
    "learn": {
      "hash": "df2de5e",
      "installed": "2026-08-01",
      "targets": [
        "claude"
      ]
    },
    "prime-directive": {
      "hash": "a0b98e6",
      "installed": "2026-08-21",
      "targets": [
        "claude"
      ]
    },
    "recon": {
      "hash": "af9c1e4",
      "installed": "2026-08-21",
      "targets": [
        "claude"
      ]
    }
  }
}
